// !$*UTF8*$!
{
	archiveVersion = 1;
	classes = {
	};
	objectVersion = 56;
	objects = {

/* Begin PBXBuildFile section */
		7A0BE4D02B5A6B1C003E15F0 /* Assets.xcassets in Resources */ = {isa = PBXBuildFile; fileRef = 7A0BE4CF2B5A6B1C003E15F0 /* Assets.xcassets */; };
		7A0BE4D32B5A6B1C003E15F0 /* Preview Assets.xcassets in Resources */ = {isa = PBXBuildFile; fileRef = 7A0BE4D22B5A6B1C003E15F0 /* Preview Assets.xcassets */; };
		7A0BE4DB2B5A7718003E15F0 /* Alamofire in Frameworks */ = {isa = PBXBuildFile; productRef = 7A0BE4DA2B5A7718003E15F0 /* Alamofire */; };
		7A9231612B5A7C1E00644313 /* Preview Assets.xcassets in Resources */ = {isa = PBXBuildFile; fileRef = 7A9231342B5A7C1E00644313 /* Preview Assets.xcassets */; };
		7A9231622B5A7C1E00644313 /* AppDelegate.swift in Sources */ = {isa = PBXBuildFile; fileRef = 7A9231362B5A7C1E00644313 /* AppDelegate.swift */; };
		7A9231632B5A7C1E00644313 /* LaunchScreen.storyboard in Resources */ = {isa = PBXBuildFile; fileRef = 7A9231382B5A7C1E00644313 /* LaunchScreen.storyboard */; };
		7A9231642B5A7C1E00644313 /* Main.storyboard in Resources */ = {isa = PBXBuildFile; fileRef = 7A92313A2B5A7C1E00644313 /* Main.storyboard */; };
		7A9231652B5A7C1E00644313 /* NoticePresenter.swift in Sources */ = {isa = PBXBuildFile; fileRef = 7A92313F2B5A7C1E00644313 /* NoticePresenter.swift */; };
		7A9231662B5A7C1E00644313 /* NoticeViewController.swift in Sources */ = {isa = PBXBuildFile; fileRef = 7A9231412B5A7C1E00644313 /* NoticeViewController.swift */; };
		7A9231672B5A7C1E00644313 /* MyViewController.swift in Sources */ = {isa = PBXBuildFile; fileRef = 7A9231422B5A7C1E00644313 /* MyViewController.swift */; };
		7A9231682B5A7C1E00644313 /* NoticeModel.swift in Sources */ = {isa = PBXBuildFile; fileRef = 7A9231442B5A7C1E00644313 /* NoticeModel.swift */; };
		7A9231692B5A7C1E00644313 /* NoticeProtocols.swift in Sources */ = {isa = PBXBuildFile; fileRef = 7A9231462B5A7C1E00644313 /* NoticeProtocols.swift */; };
		7A92316A2B5A7C1E00644313 /* NoticeInteractor.swift in Sources */ = {isa = PBXBuildFile; fileRef = 7A9231482B5A7C1E00644313 /* NoticeInteractor.swift */; };
		7A92316B2B5A7C1E00644313 /* NoticeRouter.swift in Sources */ = {isa = PBXBuildFile; fileRef = 7A92314A2B5A7C1E00644313 /* NoticeRouter.swift */; };
		7A92316C2B5A7C1E00644313 /* MovieModel.swift in Sources */ = {isa = PBXBuildFile; fileRef = 7A92314D2B5A7C1E00644313 /* MovieModel.swift */; };
		7A92316D2B5A7C1E00644313 /* MoviePresenter.swift in Sources */ = {isa = PBXBuildFile; fileRef = 7A92314F2B5A7C1E00644313 /* MoviePresenter.swift */; };
		7A92316E2B5A7C1F00644313 /* MovieViewController.swift in Sources */ = {isa = PBXBuildFile; fileRef = 7A9231512B5A7C1E00644313 /* MovieViewController.swift */; };
		7A92316F2B5A7C1F00644313 /* MovieProtocol.swift in Sources */ = {isa = PBXBuildFile; fileRef = 7A9231532B5A7C1E00644313 /* MovieProtocol.swift */; };
		7A9231702B5A7C1F00644313 /* MovieInteractor.swift in Sources */ = {isa = PBXBuildFile; fileRef = 7A9231552B5A7C1E00644313 /* MovieInteractor.swift */; };
		7A9231712B5A7C1F00644313 /* MovieRouter.swift in Sources */ = {isa = PBXBuildFile; fileRef = 7A9231572B5A7C1E00644313 /* MovieRouter.swift */; };
		7A9231722B5A7C1F00644313 /* Assets.xcassets in Resources */ = {isa = PBXBuildFile; fileRef = 7A9231582B5A7C1E00644313 /* Assets.xcassets */; };
		7A9231732B5A7C1F00644313 /* AppConstants.swift in Sources */ = {isa = PBXBuildFile; fileRef = 7A92315B2B5A7C1E00644313 /* AppConstants.swift */; };
		7A9231742B5A7C1F00644313 /* AppUtils.swift in Sources */ = {isa = PBXBuildFile; fileRef = 7A92315C2B5A7C1E00644313 /* AppUtils.swift */; };
		7A9231752B5A7C1F00644313 /* ProgressIndicator.swift in Sources */ = {isa = PBXBuildFile; fileRef = 7A92315E2B5A7C1E00644313 /* ProgressIndicator.swift */; };
		7A9231762B5A7C1F00644313 /* Assets.xcassets in Resources */ = {isa = PBXBuildFile; fileRef = 7A9231602B5A7C1E00644313 /* Assets.xcassets */; };
		7A9231792B5A815100644313 /* AlamofireImage in Frameworks */ = {isa = PBXBuildFile; productRef = 7A9231782B5A815100644313 /* AlamofireImage */; };
		7A92317C2B5A816B00644313 /* ObjectMapper in Frameworks */ = {isa = PBXBuildFile; productRef = 7A92317B2B5A816B00644313 /* ObjectMapper */; };
/* End PBXBuildFile section */

/* Begin PBXFileReference section */
		7A0BE4C82B5A6B16003E15F0 /* VIPER_DEMO.app */ = {isa = PBXFileReference; explicitFileType = wrapper.application; includeInIndex = 0; path = VIPER_DEMO.app; sourceTree = BUILT_PRODUCTS_DIR; };
		7A0BE4CF2B5A6B1C003E15F0 /* Assets.xcassets */ = {isa = PBXFileReference; lastKnownFileType = folder.assetcatalog; path = Assets.xcassets; sourceTree = "<group>"; };
		7A0BE4D22B5A6B1C003E15F0 /* Preview Assets.xcassets */ = {isa = PBXFileReference; lastKnownFileType = folder.assetcatalog; path = "Preview Assets.xcassets"; sourceTree = "<group>"; };
		7A9231342B5A7C1E00644313 /* Preview Assets.xcassets */ = {isa = PBXFileReference; lastKnownFileType = folder.assetcatalog; path = "Preview Assets.xcassets"; sourceTree = "<group>"; };
		7A9231362B5A7C1E00644313 /* AppDelegate.swift */ = {isa = PBXFileReference; fileEncoding = 4; lastKnownFileType = sourcecode.swift; path = AppDelegate.swift; sourceTree = "<group>"; };
		7A9231392B5A7C1E00644313 /* Base */ = {isa = PBXFileReference; lastKnownFileType = file.storyboard; name = Base; path = Base.lproj/LaunchScreen.storyboard; sourceTree = "<group>"; };
		7A92313B2B5A7C1E00644313 /* Base */ = {isa = PBXFileReference; lastKnownFileType = file.storyboard; name = Base; path = Base.lproj/Main.storyboard; sourceTree = "<group>"; };
		7A92313F2B5A7C1E00644313 /* NoticePresenter.swift */ = {isa = PBXFileReference; fileEncoding = 4; lastKnownFileType = sourcecode.swift; path = NoticePresenter.swift; sourceTree = "<group>"; };
		7A9231412B5A7C1E00644313 /* NoticeViewController.swift */ = {isa = PBXFileReference; fileEncoding = 4; lastKnownFileType = sourcecode.swift; path = NoticeViewController.swift; sourceTree = "<group>"; };
		7A9231422B5A7C1E00644313 /* MyViewController.swift */ = {isa = PBXFileReference; fileEncoding = 4; lastKnownFileType = sourcecode.swift; path = MyViewController.swift; sourceTree = "<group>"; };
		7A9231442B5A7C1E00644313 /* NoticeModel.swift */ = {isa = PBXFileReference; fileEncoding = 4; lastKnownFileType = sourcecode.swift; path = NoticeModel.swift; sourceTree = "<group>"; };
		7A9231462B5A7C1E00644313 /* NoticeProtocols.swift */ = {isa = PBXFileReference; fileEncoding = 4; lastKnownFileType = sourcecode.swift; path = NoticeProtocols.swift; sourceTree = "<group>"; };
		7A9231482B5A7C1E00644313 /* NoticeInteractor.swift */ = {isa = PBXFileReference; fileEncoding = 4; lastKnownFileType = sourcecode.swift; path = NoticeInteractor.swift; sourceTree = "<group>"; };
		7A92314A2B5A7C1E00644313 /* NoticeRouter.swift */ = {isa = PBXFileReference; fileEncoding = 4; lastKnownFileType = sourcecode.swift; path = NoticeRouter.swift; sourceTree = "<group>"; };
		7A92314D2B5A7C1E00644313 /* MovieModel.swift */ = {isa = PBXFileReference; fileEncoding = 4; lastKnownFileType = sourcecode.swift; path = MovieModel.swift; sourceTree = "<group>"; };
		7A92314F2B5A7C1E00644313 /* MoviePresenter.swift */ = {isa = PBXFileReference; fileEncoding = 4; lastKnownFileType = sourcecode.swift; path = MoviePresenter.swift; sourceTree = "<group>"; };
		7A9231512B5A7C1E00644313 /* MovieViewController.swift */ = {isa = PBXFileReference; fileEncoding = 4; lastKnownFileType = sourcecode.swift; path = MovieViewController.swift; sourceTree = "<group>"; };
		7A9231532B5A7C1E00644313 /* MovieProtocol.swift */ = {isa = PBXFileReference; fileEncoding = 4; lastKnownFileType = sourcecode.swift; path = MovieProtocol.swift; sourceTree = "<group>"; };
		7A9231552B5A7C1E00644313 /* MovieInteractor.swift */ = {isa = PBXFileReference; fileEncoding = 4; lastKnownFileType = sourcecode.swift; path = MovieInteractor.swift; sourceTree = "<group>"; };
		7A9231572B5A7C1E00644313 /* MovieRouter.swift */ = {isa = PBXFileReference; fileEncoding = 4; lastKnownFileType = sourcecode.swift; path = MovieRouter.swift; sourceTree = "<group>"; };
		7A9231582B5A7C1E00644313 /* Assets.xcassets */ = {isa = PBXFileReference; lastKnownFileType = folder.assetcatalog; path = Assets.xcassets; sourceTree = "<group>"; };
		7A92315B2B5A7C1E00644313 /* AppConstants.swift */ = {isa = PBXFileReference; fileEncoding = 4; lastKnownFileType = sourcecode.swift; path = AppConstants.swift; sourceTree = "<group>"; };
		7A92315C2B5A7C1E00644313 /* AppUtils.swift */ = {isa = PBXFileReference; fileEncoding = 4; lastKnownFileType = sourcecode.swift; path = AppUtils.swift; sourceTree = "<group>"; };
		7A92315E2B5A7C1E00644313 /* ProgressIndicator.swift */ = {isa = PBXFileReference; fileEncoding = 4; lastKnownFileType = sourcecode.swift; path = ProgressIndicator.swift; sourceTree = "<group>"; };
		7A9231602B5A7C1E00644313 /* Assets.xcassets */ = {isa = PBXFileReference; lastKnownFileType = folder.assetcatalog; path = Assets.xcassets; sourceTree = "<group>"; };
/* End PBXFileReference section */

/* Begin PBXFrameworksBuildPhase section */
		7A0BE4C52B5A6B16003E15F0 /* Frameworks */ = {
			isa = PBXFrameworksBuildPhase;
			buildActionMask = 2147483647;
			files = (
				7A92317C2B5A816B00644313 /* ObjectMapper in Frameworks */,
				7A0BE4DB2B5A7718003E15F0 /* Alamofire in Frameworks */,
				7A9231792B5A815100644313 /* AlamofireImage in Frameworks */,
			);
			runOnlyForDeploymentPostprocessing = 0;
		};
/* End PBXFrameworksBuildPhase section */

/* Begin PBXGroup section */
		7A0BE4BF2B5A6B16003E15F0 = {
			isa = PBXGroup;
			children = (
				7A0BE4CA2B5A6B16003E15F0 /* VIPER_DEMO_SWIFTUI */,
				7A0BE4C92B5A6B16003E15F0 /* Products */,
			);
			sourceTree = "<group>";
		};
		7A0BE4C92B5A6B16003E15F0 /* Products */ = {
			isa = PBXGroup;
			children = (
				7A0BE4C82B5A6B16003E15F0 /* VIPER_DEMO.app */,
			);
			name = Products;
			sourceTree = "<group>";
		};
		7A0BE4CA2B5A6B16003E15F0 /* VIPER_DEMO_SWIFTUI */ = {
			isa = PBXGroup;
			children = (
				7A92315F2B5A7C1E00644313 /* app-icons */,
				7A92313C2B5A7C1E00644313 /* app-modules */,
				7A9231352B5A7C1E00644313 /* app-settings */,
				7A9231372B5A7C1E00644313 /* app-ui */,
				7A9231582B5A7C1E00644313 /* Assets.xcassets */,
				7A9231592B5A7C1E00644313 /* common-utils */,
				7A9231332B5A7C1E00644313 /* Preview Content */,
				7A0BE4CF2B5A6B1C003E15F0 /* Assets.xcassets */,
				7A0BE4D12B5A6B1C003E15F0 /* Preview Content */,
			);
			path = VIPER_DEMO_SWIFTUI;
			sourceTree = "<group>";
		};
		7A0BE4D12B5A6B1C003E15F0 /* Preview Content */ = {
			isa = PBXGroup;
			children = (
				7A0BE4D22B5A6B1C003E15F0 /* Preview Assets.xcassets */,
			);
			path = "Preview Content";
			sourceTree = "<group>";
		};
		7A9231332B5A7C1E00644313 /* Preview Content */ = {
			isa = PBXGroup;
			children = (
				7A9231342B5A7C1E00644313 /* Preview Assets.xcassets */,
			);
			path = "Preview Content";
			sourceTree = "<group>";
		};
		7A9231352B5A7C1E00644313 /* app-settings */ = {
			isa = PBXGroup;
			children = (
				7A9231362B5A7C1E00644313 /* AppDelegate.swift */,
			);
			path = "app-settings";
			sourceTree = "<group>";
		};
		7A9231372B5A7C1E00644313 /* app-ui */ = {
			isa = PBXGroup;
			children = (
				7A9231382B5A7C1E00644313 /* LaunchScreen.storyboard */,
				7A92313A2B5A7C1E00644313 /* Main.storyboard */,
			);
			path = "app-ui";
			sourceTree = "<group>";
		};
		7A92313C2B5A7C1E00644313 /* app-modules */ = {
			isa = PBXGroup;
			children = (
				7A92313D2B5A7C1E00644313 /* notice-module */,
				7A92314B2B5A7C1E00644313 /* movie-module */,
			);
			path = "app-modules";
			sourceTree = "<group>";
		};
		7A92313D2B5A7C1E00644313 /* notice-module */ = {
			isa = PBXGroup;
			children = (
				7A92313E2B5A7C1E00644313 /* presenter */,
				7A9231402B5A7C1E00644313 /* view */,
				7A9231432B5A7C1E00644313 /* New Group */,
				7A9231452B5A7C1E00644313 /* protocols */,
				7A9231472B5A7C1E00644313 /* interactor */,
				7A9231492B5A7C1E00644313 /* router */,
			);
			path = "notice-module";
			sourceTree = "<group>";
		};
		7A92313E2B5A7C1E00644313 /* presenter */ = {
			isa = PBXGroup;
			children = (
				7A92313F2B5A7C1E00644313 /* NoticePresenter.swift */,
			);
			path = presenter;
			sourceTree = "<group>";
		};
		7A9231402B5A7C1E00644313 /* view */ = {
			isa = PBXGroup;
			children = (
				7A9231412B5A7C1E00644313 /* NoticeViewController.swift */,
				7A9231422B5A7C1E00644313 /* MyViewController.swift */,
			);
			path = view;
			sourceTree = "<group>";
		};
		7A9231432B5A7C1E00644313 /* New Group */ = {
			isa = PBXGroup;
			children = (
				7A9231442B5A7C1E00644313 /* NoticeModel.swift */,
			);
			path = "New Group";
			sourceTree = "<group>";
		};
		7A9231452B5A7C1E00644313 /* protocols */ = {
			isa = PBXGroup;
			children = (
				7A9231462B5A7C1E00644313 /* NoticeProtocols.swift */,
			);
			path = protocols;
			sourceTree = "<group>";
		};
		7A9231472B5A7C1E00644313 /* interactor */ = {
			isa = PBXGroup;
			children = (
				7A9231482B5A7C1E00644313 /* NoticeInteractor.swift */,
			);
			path = interactor;
			sourceTree = "<group>";
		};
		7A9231492B5A7C1E00644313 /* router */ = {
			isa = PBXGroup;
			children = (
				7A92314A2B5A7C1E00644313 /* NoticeRouter.swift */,
			);
			path = router;
			sourceTree = "<group>";
		};
		7A92314B2B5A7C1E00644313 /* movie-module */ = {
			isa = PBXGroup;
			children = (
				7A92314C2B5A7C1E00644313 /* entity */,
				7A92314E2B5A7C1E00644313 /* presenter */,
				7A9231502B5A7C1E00644313 /* view */,
				7A9231522B5A7C1E00644313 /* protocols */,
				7A9231542B5A7C1E00644313 /* interactor */,
				7A9231562B5A7C1E00644313 /* router */,
			);
			path = "movie-module";
			sourceTree = "<group>";
		};
		7A92314C2B5A7C1E00644313 /* entity */ = {
			isa = PBXGroup;
			children = (
				7A92314D2B5A7C1E00644313 /* MovieModel.swift */,
			);
			path = entity;
			sourceTree = "<group>";
		};
		7A92314E2B5A7C1E00644313 /* presenter */ = {
			isa = PBXGroup;
			children = (
				7A92314F2B5A7C1E00644313 /* MoviePresenter.swift */,
			);
			path = presenter;
			sourceTree = "<group>";
		};
		7A9231502B5A7C1E00644313 /* view */ = {
			isa = PBXGroup;
			children = (
				7A9231512B5A7C1E00644313 /* MovieViewController.swift */,
			);
			path = view;
			sourceTree = "<group>";
		};
		7A9231522B5A7C1E00644313 /* protocols */ = {
			isa = PBXGroup;
			children = (
				7A9231532B5A7C1E00644313 /* MovieProtocol.swift */,
			);
			path = protocols;
			sourceTree = "<group>";
		};
		7A9231542B5A7C1E00644313 /* interactor */ = {
			isa = PBXGroup;
			children = (
				7A9231552B5A7C1E00644313 /* MovieInteractor.swift */,
			);
			path = interactor;
			sourceTree = "<group>";
		};
		7A9231562B5A7C1E00644313 /* router */ = {
			isa = PBXGroup;
			children = (
				7A9231572B5A7C1E00644313 /* MovieRouter.swift */,
			);
			path = router;
			sourceTree = "<group>";
		};
		7A9231592B5A7C1E00644313 /* common-utils */ = {
			isa = PBXGroup;
			children = (
				7A92315A2B5A7C1E00644313 /* app-constants */,
				7A92315C2B5A7C1E00644313 /* AppUtils.swift */,
				7A92315D2B5A7C1E00644313 /* ui-utils */,
			);
			path = "common-utils";
			sourceTree = "<group>";
		};
		7A92315A2B5A7C1E00644313 /* app-constants */ = {
			isa = PBXGroup;
			children = (
				7A92315B2B5A7C1E00644313 /* AppConstants.swift */,
			);
			path = "app-constants";
			sourceTree = "<group>";
		};
		7A92315D2B5A7C1E00644313 /* ui-utils */ = {
			isa = PBXGroup;
			children = (
				7A92315E2B5A7C1E00644313 /* ProgressIndicator.swift */,
			);
			path = "ui-utils";
			sourceTree = "<group>";
		};
		7A92315F2B5A7C1E00644313 /* app-icons */ = {
			isa = PBXGroup;
			children = (
				7A9231602B5A7C1E00644313 /* Assets.xcassets */,
			);
			path = "app-icons";
			sourceTree = "<group>";
		};
/* End PBXGroup section */

/* Begin PBXNativeTarget section */
		7A0BE4C72B5A6B16003E15F0 /* VIPER_DEMO */ = {
			isa = PBXNativeTarget;
			buildConfigurationList = 7A0BE4D62B5A6B1C003E15F0 /* Build configuration list for PBXNativeTarget "VIPER_DEMO" */;
			buildPhases = (
				7A0BE4C42B5A6B16003E15F0 /* Sources */,
				7A0BE4C52B5A6B16003E15F0 /* Frameworks */,
				7A0BE4C62B5A6B16003E15F0 /* Resources */,
			);
			buildRules = (
			);
			dependencies = (
			);
			name = VIPER_DEMO;
			packageProductDependencies = (
				7A0BE4DA2B5A7718003E15F0 /* Alamofire */,
				7A9231782B5A815100644313 /* AlamofireImage */,
				7A92317B2B5A816B00644313 /* ObjectMapper */,
			);
			productName = VIPER_DEMO_SWIFTUI;
			productReference = 7A0BE4C82B5A6B16003E15F0 /* VIPER_DEMO.app */;
			productType = "com.apple.product-type.application";
		};
/* End PBXNativeTarget section */

/* Begin PBXProject section */
		7A0BE4C02B5A6B16003E15F0 /* Project object */ = {
			isa = PBXProject;
			attributes = {
				BuildIndependentTargetsInParallel = 1;
				LastSwiftUpdateCheck = 1420;
				LastUpgradeCheck = 1420;
				TargetAttributes = {
					7A0BE4C72B5A6B16003E15F0 = {
						CreatedOnToolsVersion = 14.2;
					};
				};
			};
			buildConfigurationList = 7A0BE4C32B5A6B16003E15F0 /* Build configuration list for PBXProject "VIPER_DEMO" */;
			compatibilityVersion = "Xcode 14.0";
			developmentRegion = en;
			hasScannedForEncodings = 0;
			knownRegions = (
				en,
				Base,
			);
			mainGroup = 7A0BE4BF2B5A6B16003E15F0;
			packageReferences = (
				7A0BE4D92B5A7718003E15F0 /* XCRemoteSwiftPackageReference "Alamofire" */,
				7A9231772B5A815100644313 /* XCRemoteSwiftPackageReference "AlamofireImage" */,
				7A92317A2B5A816B00644313 /* XCRemoteSwiftPackageReference "ObjectMapper" */,
			);
			productRefGroup = 7A0BE4C92B5A6B16003E15F0 /* Products */;
			projectDirPath = "";
			projectRoot = "";
			targets = (
				7A0BE4C72B5A6B16003E15F0 /* VIPER_DEMO */,
			);
		};
/* End PBXProject section */

/* Begin PBXResourcesBuildPhase section */
		7A0BE4C62B5A6B16003E15F0 /* Resources */ = {
			isa = PBXResourcesBuildPhase;
			buildActionMask = 2147483647;
			files = (
				7A0BE4D32B5A6B1C003E15F0 /* Preview Assets.xcassets in Resources */,
				7A9231642B5A7C1E00644313 /* Main.storyboard in Resources */,
				7A9231632B5A7C1E00644313 /* LaunchScreen.storyboard in Resources */,
				7A9231612B5A7C1E00644313 /* Preview Assets.xcassets in Resources */,
				7A9231762B5A7C1F00644313 /* Assets.xcassets in Resources */,
				7A9231722B5A7C1F00644313 /* Assets.xcassets in Resources */,
				7A0BE4D02B5A6B1C003E15F0 /* Assets.xcassets in Resources */,
			);
			runOnlyForDeploymentPostprocessing = 0;
		};
/* End PBXResourcesBuildPhase section */

/* Begin PBXSourcesBuildPhase section */
		7A0BE4C42B5A6B16003E15F0 /* Sources */ = {
			isa = PBXSourcesBuildPhase;
			buildActionMask = 2147483647;
			files = (
				7A92316E2B5A7C1F00644313 /* MovieViewController.swift in Sources */,
				7A9231732B5A7C1F00644313 /* AppConstants.swift in Sources */,
				7A92316C2B5A7C1E00644313 /* MovieModel.swift in Sources */,
				7A9231682B5A7C1E00644313 /* NoticeModel.swift in Sources */,
				7A9231622B5A7C1E00644313 /* AppDelegate.swift in Sources */,
				7A92316B2B5A7C1E00644313 /* NoticeRouter.swift in Sources */,
				7A92316A2B5A7C1E00644313 /* NoticeInteractor.swift in Sources */,
				7A92316F2B5A7C1F00644313 /* MovieProtocol.swift in Sources */,
				7A9231742B5A7C1F00644313 /* AppUtils.swift in Sources */,
				7A9231652B5A7C1E00644313 /* NoticePresenter.swift in Sources */,
				7A92316D2B5A7C1E00644313 /* MoviePresenter.swift in Sources */,
				7A9231702B5A7C1F00644313 /* MovieInteractor.swift in Sources */,
				7A9231752B5A7C1F00644313 /* ProgressIndicator.swift in Sources */,
				7A9231672B5A7C1E00644313 /* MyViewController.swift in Sources */,
				7A9231712B5A7C1F00644313 /* MovieRouter.swift in Sources */,
				7A9231662B5A7C1E00644313 /* NoticeViewController.swift in Sources */,
				7A9231692B5A7C1E00644313 /* NoticeProtocols.swift in Sources */,
			);
			runOnlyForDeploymentPostprocessing = 0;
		};
/* End PBXSourcesBuildPhase section */

/* Begin PBXVariantGroup section */
		7A9231382B5A7C1E00644313 /* LaunchScreen.storyboard */ = {
			isa = PBXVariantGroup;
			children = (
				7A9231392B5A7C1E00644313 /* Base */,
			);
			name = LaunchScreen.storyboard;
			sourceTree = "<group>";
		};
		7A92313A2B5A7C1E00644313 /* Main.storyboard */ = {
			isa = PBXVariantGroup;
			children = (
				7A92313B2B5A7C1E00644313 /* Base */,
			);
			name = Main.storyboard;
			sourceTree = "<group>";
		};
/* End PBXVariantGroup section */

/* Begin XCBuildConfiguration section */
		7A0BE4D42B5A6B1C003E15F0 /* Debug */ = {
			isa = XCBuildConfiguration;
			buildSettings = {
				ALWAYS_SEARCH_USER_PATHS = NO;
				CLANG_ANALYZER_NONNULL = YES;
				CLANG_ANALYZER_NUMBER_OBJECT_CONVERSION = YES_AGGRESSIVE;
				CLANG_CXX_LANGUAGE_STANDARD = "gnu++20";
				CLANG_ENABLE_MODULES = YES;
				CLANG_ENABLE_OBJC_ARC = YES;
				CLANG_ENABLE_OBJC_WEAK = YES;
				CLANG_WARN_BLOCK_CAPTURE_AUTORELEASING = YES;
				CLANG_WARN_BOOL_CONVERSION = YES;
				CLANG_WARN_COMMA = YES;
				CLANG_WARN_CONSTANT_CONVERSION = YES;
				CLANG_WARN_DEPRECATED_OBJC_IMPLEMENTATIONS = YES;
				CLANG_WARN_DIRECT_OBJC_ISA_USAGE = YES_ERROR;
				CLANG_WARN_DOCUMENTATION_COMMENTS = YES;
				CLANG_WARN_EMPTY_BODY = YES;
				CLANG_WARN_ENUM_CONVERSION = YES;
				CLANG_WARN_INFINITE_RECURSION = YES;
				CLANG_WARN_INT_CONVERSION = YES;
				CLANG_WARN_NON_LITERAL_NULL_CONVERSION = YES;
				CLANG_WARN_OBJC_IMPLICIT_RETAIN_SELF = YES;
				CLANG_WARN_OBJC_LITERAL_CONVERSION = YES;
				CLANG_WARN_OBJC_ROOT_CLASS = YES_ERROR;
				CLANG_WARN_QUOTED_INCLUDE_IN_FRAMEWORK_HEADER = YES;
				CLANG_WARN_RANGE_LOOP_ANALYSIS = YES;
				CLANG_WARN_STRICT_PROTOTYPES = YES;
				CLANG_WARN_SUSPICIOUS_MOVE = YES;
				CLANG_WARN_UNGUARDED_AVAILABILITY = YES_AGGRESSIVE;
				CLANG_WARN_UNREACHABLE_CODE = YES;
				CLANG_WARN__DUPLICATE_METHOD_MATCH = YES;
				COPY_PHASE_STRIP = NO;
				DEBUG_INFORMATION_FORMAT = dwarf;
				ENABLE_STRICT_OBJC_MSGSEND = YES;
				ENABLE_TESTABILITY = YES;
				GCC_C_LANGUAGE_STANDARD = gnu11;
				GCC_DYNAMIC_NO_PIC = NO;
				GCC_NO_COMMON_BLOCKS = YES;
				GCC_OPTIMIZATION_LEVEL = 0;
				GCC_PREPROCESSOR_DEFINITIONS = (
					"DEBUG=1",
					"$(inherited)",
				);
				GCC_WARN_64_TO_32_BIT_CONVERSION = YES;
				GCC_WARN_ABOUT_RETURN_TYPE = YES_ERROR;
				GCC_WARN_UNDECLARED_SELECTOR = YES;
				GCC_WARN_UNINITIALIZED_AUTOS = YES_AGGRESSIVE;
				GCC_WARN_UNUSED_FUNCTION = YES;
				GCC_WARN_UNUSED_VARIABLE = YES;
				IPHONEOS_DEPLOYMENT_TARGET = 16.2;
				MTL_ENABLE_DEBUG_INFO = INCLUDE_SOURCE;
				MTL_FAST_MATH = YES;
				ONLY_ACTIVE_ARCH = YES;
				SDKROOT = iphoneos;
				SWIFT_ACTIVE_COMPILATION_CONDITIONS = DEBUG;
				SWIFT_OPTIMIZATION_LEVEL = "-Onone";
			};
			name = Debug;
		};
		7A0BE4D52B5A6B1C003E15F0 /* Release */ = {
			isa = XCBuildConfiguration;
			buildSettings = {
				ALWAYS_SEARCH_USER_PATHS = NO;
				CLANG_ANALYZER_NONNULL = YES;
				CLANG_ANALYZER_NUMBER_OBJECT_CONVERSION = YES_AGGRESSIVE;
				CLANG_CXX_LANGUAGE_STANDARD = "gnu++20";
				CLANG_ENABLE_MODULES = YES;
				CLANG_ENABLE_OBJC_ARC = YES;
				CLANG_ENABLE_OBJC_WEAK = YES;
				CLANG_WARN_BLOCK_CAPTURE_AUTORELEASING = YES;
				CLANG_WARN_BOOL_CONVERSION = YES;
				CLANG_WARN_COMMA = YES;
				CLANG_WARN_CONSTANT_CONVERSION = YES;
				CLANG_WARN_DEPRECATED_OBJC_IMPLEMENTATIONS = YES;
				CLANG_WARN_DIRECT_OBJC_ISA_USAGE = YES_ERROR;
				CLANG_WARN_DOCUMENTATION_COMMENTS = YES;
				CLANG_WARN_EMPTY_BODY = YES;
				CLANG_WARN_ENUM_CONVERSION = YES;
				CLANG_WARN_INFINITE_RECURSION = YES;
				CLANG_WARN_INT_CONVERSION = YES;
				CLANG_WARN_NON_LITERAL_NULL_CONVERSION = YES;
				CLANG_WARN_OBJC_IMPLICIT_RETAIN_SELF = YES;
				CLANG_WARN_OBJC_LITERAL_CONVERSION = YES;
				CLANG_WARN_OBJC_ROOT_CLASS = YES_ERROR;
				CLANG_WARN_QUOTED_INCLUDE_IN_FRAMEWORK_HEADER = YES;
				CLANG_WARN_RANGE_LOOP_ANALYSIS = YES;
				CLANG_WARN_STRICT_PROTOTYPES = YES;
				CLANG_WARN_SUSPICIOUS_MOVE = YES;
				CLANG_WARN_UNGUARDED_AVAILABILITY = YES_AGGRESSIVE;
				CLANG_WARN_UNREACHABLE_CODE = YES;
				CLANG_WARN__DUPLICATE_METHOD_MATCH = YES;
				COPY_PHASE_STRIP = NO;
				DEBUG_INFORMATION_FORMAT = "dwarf-with-dsym";
				ENABLE_NS_ASSERTIONS = NO;
				ENABLE_STRICT_OBJC_MSGSEND = YES;
				GCC_C_LANGUAGE_STANDARD = gnu11;
				GCC_NO_COMMON_BLOCKS = YES;
				GCC_WARN_64_TO_32_BIT_CONVERSION = YES;
				GCC_WARN_ABOUT_RETURN_TYPE = YES_ERROR;
				GCC_WARN_UNDECLARED_SELECTOR = YES;
				GCC_WARN_UNINITIALIZED_AUTOS = YES_AGGRESSIVE;
				GCC_WARN_UNUSED_FUNCTION = YES;
				GCC_WARN_UNUSED_VARIABLE = YES;
				IPHONEOS_DEPLOYMENT_TARGET = 16.2;
				MTL_ENABLE_DEBUG_INFO = NO;
				MTL_FAST_MATH = YES;
				SDKROOT = iphoneos;
				SWIFT_COMPILATION_MODE = wholemodule;
				SWIFT_OPTIMIZATION_LEVEL = "-O";
				VALIDATE_PRODUCT = YES;
			};
			name = Release;
		};
		7A0BE4D72B5A6B1C003E15F0 /* Debug */ = {
			isa = XCBuildConfiguration;
			buildSettings = {
				ASSETCATALOG_COMPILER_APPICON_NAME = AppIcon;
				ASSETCATALOG_COMPILER_GLOBAL_ACCENT_COLOR_NAME = AccentColor;
				CODE_SIGN_STYLE = Automatic;
				CURRENT_PROJECT_VERSION = 1;
				DEVELOPMENT_ASSET_PATHS = "\"VIPER_DEMO_SWIFTUI/Preview Content\"";
				DEVELOPMENT_TEAM = 7PH9J3ULMY;
				ENABLE_PREVIEWS = YES;
				GENERATE_INFOPLIST_FILE = YES;
				INFOPLIST_KEY_UIApplicationSceneManifest_Generation = YES;
				INFOPLIST_KEY_UIApplicationSupportsIndirectInputEvents = YES;
				INFOPLIST_KEY_UILaunchScreen_Generation = YES;
				INFOPLIST_KEY_UISupportedInterfaceOrientations_iPad = "UIInterfaceOrientationPortrait UIInterfaceOrientationPortraitUpsideDown UIInterfaceOrientationLandscapeLeft UIInterfaceOrientationLandscapeRight";
				INFOPLIST_KEY_UISupportedInterfaceOrientations_iPhone = "UIInterfaceOrientationPortrait UIInterfaceOrientationLandscapeLeft UIInterfaceOrientationLandscapeRight";
				LD_RUNPATH_SEARCH_PATHS = (
					"$(inherited)",
					"@executable_path/Frameworks",
				);
				MARKETING_VERSION = 1.0;
				PRODUCT_BUNDLE_IDENTIFIER = "VIPER-DEMO-SWIFTUI.com.VIPER-DEMO-SWIFTUI";
				PRODUCT_NAME = "$(TARGET_NAME)";
				SWIFT_EMIT_LOC_STRINGS = YES;
				SWIFT_VERSION = 5.0;
				TARGETED_DEVICE_FAMILY = "1,2";
			};
			name = Debug;
		};
		7A0BE4D82B5A6B1C003E15F0 /* Release */ = {
			isa = XCBuildConfiguration;
			buildSettings = {
				ASSETCATALOG_COMPILER_APPICON_NAME = AppIcon;
				ASSETCATALOG_COMPILER_GLOBAL_ACCENT_COLOR_NAME = AccentColor;
				CODE_SIGN_STYLE = Automatic;
				CURRENT_PROJECT_VERSION = 1;
				DEVELOPMENT_ASSET_PATHS = "\"VIPER_DEMO_SWIFTUI/Preview Content\"";
				DEVELOPMENT_TEAM = 7PH9J3ULMY;
				ENABLE_PREVIEWS = YES;
				GENERATE_INFOPLIST_FILE = YES;
				INFOPLIST_KEY_UIApplicationSceneManifest_Generation = YES;
				INFOPLIST_KEY_UIApplicationSupportsIndirectInputEvents = YES;
				INFOPLIST_KEY_UILaunchScreen_Generation = YES;
				INFOPLIST_KEY_UISupportedInterfaceOrientations_iPad = "UIInterfaceOrientationPortrait UIInterfaceOrientationPortraitUpsideDown UIInterfaceOrientationLandscapeLeft UIInterfaceOrientationLandscapeRight";
				INFOPLIST_KEY_UISupportedInterfaceOrientations_iPhone = "UIInterfaceOrientationPortrait UIInterfaceOrientationLandscapeLeft UIInterfaceOrientationLandscapeRight";
				LD_RUNPATH_SEARCH_PATHS = (
					"$(inherited)",
					"@executable_path/Frameworks",
				);
				MARKETING_VERSION = 1.0;
				PRODUCT_BUNDLE_IDENTIFIER = "VIPER-DEMO-SWIFTUI.com.VIPER-DEMO-SWIFTUI";
				PRODUCT_NAME = "$(TARGET_NAME)";
				SWIFT_EMIT_LOC_STRINGS = YES;
				SWIFT_VERSION = 5.0;
				TARGETED_DEVICE_FAMILY = "1,2";
			};
			name = Release;
		};
/* End XCBuildConfiguration section */

/* Begin XCConfigurationList section */
		7A0BE4C32B5A6B16003E15F0 /* Build configuration list for PBXProject "VIPER_DEMO" */ = {
			isa = XCConfigurationList;
			buildConfigurations = (
				7A0BE4D42B5A6B1C003E15F0 /* Debug */,
				7A0BE4D52B5A6B1C003E15F0 /* Release */,
			);
			defaultConfigurationIsVisible = 0;
			defaultConfigurationName = Release;
		};
		7A0BE4D62B5A6B1C003E15F0 /* Build configuration list for PBXNativeTarget "VIPER_DEMO" */ = {
			isa = XCConfigurationList;
			buildConfigurations = (
				7A0BE4D72B5A6B1C003E15F0 /* Debug */,
				7A0BE4D82B5A6B1C003E15F0 /* Release */,
			);
			defaultConfigurationIsVisible = 0;
			defaultConfigurationName = Release;
		};
/* End XCConfigurationList section */

/* Begin XCRemoteSwiftPackageReference section */
		7A0BE4D92B5A7718003E15F0 /* XCRemoteSwiftPackageReference "Alamofire" */ = {
			isa = XCRemoteSwiftPackageReference;
			repositoryURL = "https://github.com/Alamofire/Alamofire";
			requirement = {
				kind = upToNextMajorVersion;
				minimumVersion = 5.0.0;
			};
		};
		7A9231772B5A815100644313 /* XCRemoteSwiftPackageReference "AlamofireImage" */ = {
			isa = XCRemoteSwiftPackageReference;
			repositoryURL = "https://github.com/Alamofire/AlamofireImage";
			requirement = {
				kind = upToNextMajorVersion;
				minimumVersion = 4.0.0;
			};
		};
		7A92317A2B5A816B00644313 /* XCRemoteSwiftPackageReference "ObjectMapper" */ = {
			isa = XCRemoteSwiftPackageReference;
			repositoryURL = "https://github.com/tristanhimmelman/ObjectMapper";
			requirement = {
				kind = upToNextMajorVersion;
				minimumVersion = 4.0.0;
			};
		};
/* End XCRemoteSwiftPackageReference section */

/* Begin XCSwiftPackageProductDependency section */
		7A0BE4DA2B5A7718003E15F0 /* Alamofire */ = {
			isa = XCSwiftPackageProductDependency;
			package = 7A0BE4D92B5A7718003E15F0 /* XCRemoteSwiftPackageReference "Alamofire" */;
			productName = Alamofire;
		};
		7A9231782B5A815100644313 /* AlamofireImage */ = {
			isa = XCSwiftPackageProductDependency;
			package = 7A9231772B5A815100644313 /* XCRemoteSwiftPackageReference "AlamofireImage" */;
			productName = AlamofireImage;
		};
		7A92317B2B5A816B00644313 /* ObjectMapper */ = {
			isa = XCSwiftPackageProductDependency;
			package = 7A92317A2B5A816B00644313 /* XCRemoteSwiftPackageReference "ObjectMapper" */;
			productName = ObjectMapper;
		};
/* End XCSwiftPackageProductDependency section */
	};
	rootObject = 7A0BE4C02B5A6B16003E15F0 /* Project object */;
}
